
Microsoft Visual Studio Solution File, Format Version 12.00
# Visual Studio Version 17
VisualStudioVersion = 17.9.34723.18
MinimumVisualStudioVersion = 10.0.40219.1
Project("{FAE04EC0-301F-11D3-BF4B-00C04F79EFBC}") = "CasperQOL", "CasperQOL\CasperQOL.csproj", "{45F28435-2D1A-4991-A4B7-9C74EB723B5A}"
EndProject
Global
	GlobalSection(SolutionConfigurationPlatforms) = preSolution
		Debug|Any CPU = Debug|Any CPU
		Release|Any CPU = Release|Any CPU
	EndGlobalSection
	GlobalSection(ProjectConfigurationPlatforms) = postSolution
		{45F28435-2D1A-4991-A4B7-9C74EB723B5A}.Debug|Any CPU.ActiveCfg = Debug|Any CPU
		{45F28435-2D1A-4991-A4B7-9C74EB723B5A}.Debug|Any CPU.Build.0 = Debug|Any CPU
		{45F28435-2D1A-4991-A4B7-9C74EB723B5A}.Release|Any CPU.ActiveCfg = Release|Any CPU
		{45F28435-2D1A-4991-A4B7-9C74EB723B5A}.Release|Any CPU.Build.0 = Release|Any CPU
	EndGlobalSection
	GlobalSection(SolutionProperties) = preSolution
		HideSolutionNode = FALSE
	EndGlobalSection
	GlobalSection(ExtensibilityGlobals) = postSolution
		SolutionGuid = {04CEBE4A-1A33-4B36-AFCB-400E3FC62691}
	EndGlobalSection
EndGlobal
